
Microsoft Visual Studio Solution File, Format Version 12.00
# Visual Studio Version 16
VisualStudioVersion = 16.0.30611.23
MinimumVisualStudioVersion = 10.0.40219.1
Project("{FAE04EC0-301F-11D3-BF4B-00C04F79EFBC}") = "GouvisPlumbingNew", "ClassLibrary1\GouvisPlumbingNew.csproj", "{DCE0183E-3C3E-465A-BB32-2AF35AC88E25}"
EndProject
Project("{FAE04EC0-301F-11D3-BF4B-00C04F79EFBC}") = "GetLayoutInFormation", "GetLayoutInFormation\GetLayoutInFormation.csproj", "{9E4F1A4A-2021-487D-9A86-3FA68DB53B51}"
EndProject
Global
	GlobalSection(SolutionConfigurationPlatforms) = preSolution
		Debug|Any CPU = Debug|Any CPU
		Release|Any CPU = Release|Any CPU
	EndGlobalSection
	GlobalSection(ProjectConfigurationPlatforms) = postSolution
		{DCE0183E-3C3E-465A-BB32-2AF35AC88E25}.Debug|Any CPU.ActiveCfg = Debug|Any CPU
		{DCE0183E-3C3E-465A-BB32-2AF35AC88E25}.Debug|Any CPU.Build.0 = Debug|Any CPU
		{DCE0183E-3C3E-465A-BB32-2AF35AC88E25}.Release|Any CPU.ActiveCfg = Release|Any CPU
		{DCE0183E-3C3E-465A-BB32-2AF35AC88E25}.Release|Any CPU.Build.0 = Release|Any CPU
		{9E4F1A4A-2021-487D-9A86-3FA68DB53B51}.Debug|Any CPU.ActiveCfg = Debug|Any CPU
		{9E4F1A4A-2021-487D-9A86-3FA68DB53B51}.Debug|Any CPU.Build.0 = Debug|Any CPU
		{9E4F1A4A-2021-487D-9A86-3FA68DB53B51}.Release|Any CPU.ActiveCfg = Release|Any CPU
		{9E4F1A4A-2021-487D-9A86-3FA68DB53B51}.Release|Any CPU.Build.0 = Release|Any CPU
	EndGlobalSection
	GlobalSection(SolutionProperties) = preSolution
		HideSolutionNode = FALSE
	EndGlobalSection
	GlobalSection(ExtensibilityGlobals) = postSolution
		SolutionGuid = {C32A3D70-1092-4E37-9667-FB2AB4ECEB88}
	EndGlobalSection
EndGlobal
